
Microsoft Visual Studio Solution File, Format Version 12.00
# Visual Studio Version 16
VisualStudioVersion = 16.0.30413.136
MinimumVisualStudioVersion = 10.0.40219.1
Project("{FAE04EC0-301F-11D3-BF4B-00C04F79EFBC}") = "Assignment_4_VendingMachine", "Assignment_4_VendingMachine\Assignment_4_VendingMachine.csproj", "{3C34A787-163C-4D2C-927C-F6EE464E282C}"
EndProject
Global
	GlobalSection(SolutionConfigurationPlatforms) = preSolution
		Debug|Any CPU = Debug|Any CPU
		Release|Any CPU = Release|Any CPU
	EndGlobalSection
	GlobalSection(ProjectConfigurationPlatforms) = postSolution
		{3C34A787-163C-4D2C-927C-F6EE464E282C}.Debug|Any CPU.ActiveCfg = Debug|Any CPU
		{3C34A787-163C-4D2C-927C-F6EE464E282C}.Debug|Any CPU.Build.0 = Debug|Any CPU
		{3C34A787-163C-4D2C-927C-F6EE464E282C}.Release|Any CPU.ActiveCfg = Release|Any CPU
		{3C34A787-163C-4D2C-927C-F6EE464E282C}.Release|Any CPU.Build.0 = Release|Any CPU
	EndGlobalSection
	GlobalSection(SolutionProperties) = preSolution
		HideSolutionNode = FALSE
	EndGlobalSection
	GlobalSection(ExtensibilityGlobals) = postSolution
		SolutionGuid = {DFC2A644-FCF5-4C17-830A-20B69532345D}
	EndGlobalSection
EndGlobal
